// !$*UTF8*$!
{
	archiveVersion = 1;
	classes = {
	};
	objectVersion = 56;
	objects = {

/* Begin PBXBuildFile section */
		4F2228A72B67F32B0057529A /* EssentialFeed.docc in Sources */ = {isa = PBXBuildFile; fileRef = 4F2228A62B67F32B0057529A /* EssentialFeed.docc */; };
		4F2228AD2B67F32C0057529A /* EssentialFeed.framework in Frameworks */ = {isa = PBXBuildFile; fileRef = 4F2228A22B67F32B0057529A /* EssentialFeed.framework */; };
		4F2228B32B67F32C0057529A /* EssentialFeed.h in Headers */ = {isa = PBXBuildFile; fileRef = 4F2228A52B67F32B0057529A /* EssentialFeed.h */; settings = {ATTRIBUTES = (Public, ); }; };
		4F2228BD2B67F3580057529A /* FeedItem.swift in Sources */ = {isa = PBXBuildFile; fileRef = 4F2228BC2B67F3580057529A /* FeedItem.swift */; };
		4F2228BF2B67FCDB0057529A /* FeedLoader.swift in Sources */ = {isa = PBXBuildFile; fileRef = 4F2228BE2B67FCDB0057529A /* FeedLoader.swift */; };
		4F2228C22B6800FC0057529A /* RemoteFeedLoaderTests.swift in Sources */ = {isa = PBXBuildFile; fileRef = 4F2228C12B6800FC0057529A /* RemoteFeedLoaderTests.swift */; };
		4F2228C52B680AF70057529A /* RemoteFeedLoader.swift in Sources */ = {isa = PBXBuildFile; fileRef = 4F2228C42B680AF70057529A /* RemoteFeedLoader.swift */; };
		4F298B0C2B6A2ADB00303B9E /* URLSessionHTTPClientTests.swift in Sources */ = {isa = PBXBuildFile; fileRef = 4F298B0B2B6A2ADB00303B9E /* URLSessionHTTPClientTests.swift */; };
		4F2EBA292B6B7CD20059CAC8 /* XCTestCase+MemoryLeakTracking.swift in Sources */ = {isa = PBXBuildFile; fileRef = 4F2EBA282B6B7CD20059CAC8 /* XCTestCase+MemoryLeakTracking.swift */; };
		4FD310E52B7BC9E3006E4BE1 /* URLSessionHTTPClient.swift in Sources */ = {isa = PBXBuildFile; fileRef = 4FD310E42B7BC9E3006E4BE1 /* URLSessionHTTPClient.swift */; };
		4FD327382B692D22000B32FC /* HTTPClient.swift in Sources */ = {isa = PBXBuildFile; fileRef = 4FD327372B692D22000B32FC /* HTTPClient.swift */; };
		4FD3273A2B693A86000B32FC /* FeedItemsMapper.swift in Sources */ = {isa = PBXBuildFile; fileRef = 4FD327392B693A86000B32FC /* FeedItemsMapper.swift */; };
		4FF8464D2B7BCEBA004F32B3 /* EssentialFeedAPIEndToEndTests.swift in Sources */ = {isa = PBXBuildFile; fileRef = 4FF8464C2B7BCEBA004F32B3 /* EssentialFeedAPIEndToEndTests.swift */; };
		4FF8464E2B7BCEBA004F32B3 /* EssentialFeed.framework in Frameworks */ = {isa = PBXBuildFile; fileRef = 4F2228A22B67F32B0057529A /* EssentialFeed.framework */; };
/* End PBXBuildFile section */

/* Begin PBXContainerItemProxy section */
		4F2228AE2B67F32C0057529A /* PBXContainerItemProxy */ = {
			isa = PBXContainerItemProxy;
			containerPortal = 4F2228992B67F32B0057529A /* Project object */;
			proxyType = 1;
			remoteGlobalIDString = 4F2228A12B67F32B0057529A;
			remoteInfo = EssentialFeed;
		};
		4FF8464F2B7BCEBA004F32B3 /* PBXContainerItemProxy */ = {
			isa = PBXContainerItemProxy;
			containerPortal = 4F2228992B67F32B0057529A /* Project object */;
			proxyType = 1;
			remoteGlobalIDString = 4F2228A12B67F32B0057529A;
			remoteInfo = EssentialFeed;
		};
/* End PBXContainerItemProxy section */

/* Begin PBXFileReference section */
		4F2228A22B67F32B0057529A /* EssentialFeed.framework */ = {isa = PBXFileReference; explicitFileType = wrapper.framework; includeInIndex = 0; path = EssentialFeed.framework; sourceTree = BUILT_PRODUCTS_DIR; };
		4F2228A52B67F32B0057529A /* EssentialFeed.h */ = {isa = PBXFileReference; lastKnownFileType = sourcecode.c.h; path = EssentialFeed.h; sourceTree = "<group>"; };
		4F2228A62B67F32B0057529A /* EssentialFeed.docc */ = {isa = PBXFileReference; lastKnownFileType = folder.documentationcatalog; path = EssentialFeed.docc; sourceTree = "<group>"; };
		4F2228AC2B67F32C0057529A /* EssentialFeedTests.xctest */ = {isa = PBXFileReference; explicitFileType = wrapper.cfbundle; includeInIndex = 0; path = EssentialFeedTests.xctest; sourceTree = BUILT_PRODUCTS_DIR; };
		4F2228BC2B67F3580057529A /* FeedItem.swift */ = {isa = PBXFileReference; lastKnownFileType = sourcecode.swift; path = FeedItem.swift; sourceTree = "<group>"; };
		4F2228BE2B67FCDB0057529A /* FeedLoader.swift */ = {isa = PBXFileReference; lastKnownFileType = sourcecode.swift; path = FeedLoader.swift; sourceTree = "<group>"; };
		4F2228C12B6800FC0057529A /* RemoteFeedLoaderTests.swift */ = {isa = PBXFileReference; lastKnownFileType = sourcecode.swift; path = RemoteFeedLoaderTests.swift; sourceTree = "<group>"; };
		4F2228C42B680AF70057529A /* RemoteFeedLoader.swift */ = {isa = PBXFileReference; lastKnownFileType = sourcecode.swift; path = RemoteFeedLoader.swift; sourceTree = "<group>"; };
		4F298B0B2B6A2ADB00303B9E /* URLSessionHTTPClientTests.swift */ = {isa = PBXFileReference; lastKnownFileType = sourcecode.swift; path = URLSessionHTTPClientTests.swift; sourceTree = "<group>"; };
		4F2EBA282B6B7CD20059CAC8 /* XCTestCase+MemoryLeakTracking.swift */ = {isa = PBXFileReference; lastKnownFileType = sourcecode.swift; path = "XCTestCase+MemoryLeakTracking.swift"; sourceTree = "<group>"; };
		4FD310E42B7BC9E3006E4BE1 /* URLSessionHTTPClient.swift */ = {isa = PBXFileReference; lastKnownFileType = sourcecode.swift; path = URLSessionHTTPClient.swift; sourceTree = "<group>"; };
		4FD327372B692D22000B32FC /* HTTPClient.swift */ = {isa = PBXFileReference; lastKnownFileType = sourcecode.swift; path = HTTPClient.swift; sourceTree = "<group>"; };
		4FD327392B693A86000B32FC /* FeedItemsMapper.swift */ = {isa = PBXFileReference; lastKnownFileType = sourcecode.swift; path = FeedItemsMapper.swift; sourceTree = "<group>"; };
		4FF8464A2B7BCEBA004F32B3 /* EssentialFeedAPIEndToEndTests.xctest */ = {isa = PBXFileReference; explicitFileType = wrapper.cfbundle; includeInIndex = 0; path = EssentialFeedAPIEndToEndTests.xctest; sourceTree = BUILT_PRODUCTS_DIR; };
		4FF8464C2B7BCEBA004F32B3 /* EssentialFeedAPIEndToEndTests.swift */ = {isa = PBXFileReference; lastKnownFileType = sourcecode.swift; path = EssentialFeedAPIEndToEndTests.swift; sourceTree = "<group>"; };
/* End PBXFileReference section */

/* Begin PBXFrameworksBuildPhase section */
		4F22289F2B67F32B0057529A /* Frameworks */ = {
			isa = PBXFrameworksBuildPhase;
			buildActionMask = 2147483647;
			files = (
			);
			runOnlyForDeploymentPostprocessing = 0;
		};
		4F2228A92B67F32C0057529A /* Frameworks */ = {
			isa = PBXFrameworksBuildPhase;
			buildActionMask = 2147483647;
			files = (
				4F2228AD2B67F32C0057529A /* EssentialFeed.framework in Frameworks */,
			);
			runOnlyForDeploymentPostprocessing = 0;
		};
		4FF846472B7BCEBA004F32B3 /* Frameworks */ = {
			isa = PBXFrameworksBuildPhase;
			buildActionMask = 2147483647;
			files = (
				4FF8464E2B7BCEBA004F32B3 /* EssentialFeed.framework in Frameworks */,
			);
			runOnlyForDeploymentPostprocessing = 0;
		};
/* End PBXFrameworksBuildPhase section */

/* Begin PBXGroup section */
		4F2228982B67F32B0057529A = {
			isa = PBXGroup;
			children = (
				4F2228A42B67F32B0057529A /* EssentialFeed */,
				4F2228B02B67F32C0057529A /* EssentialFeedTests */,
				4FF8464B2B7BCEBA004F32B3 /* EssentialFeedAPIEndToEndTests */,
				4F2228A32B67F32B0057529A /* Products */,
			);
			sourceTree = "<group>";
		};
		4F2228A32B67F32B0057529A /* Products */ = {
			isa = PBXGroup;
			children = (
				4F2228A22B67F32B0057529A /* EssentialFeed.framework */,
				4F2228AC2B67F32C0057529A /* EssentialFeedTests.xctest */,
				4FF8464A2B7BCEBA004F32B3 /* EssentialFeedAPIEndToEndTests.xctest */,
			);
			name = Products;
			sourceTree = "<group>";
		};
		4F2228A42B67F32B0057529A /* EssentialFeed */ = {
			isa = PBXGroup;
			children = (
				4F2228A52B67F32B0057529A /* EssentialFeed.h */,
				4F2228C32B680AD80057529A /* FeedAPI */,
				4F2228C02B67FD9C0057529A /* Feed Feature */,
				4F2228A62B67F32B0057529A /* EssentialFeed.docc */,
			);
			path = EssentialFeed;
			sourceTree = "<group>";
		};
		4F2228B02B67F32C0057529A /* EssentialFeedTests */ = {
			isa = PBXGroup;
			children = (
				4FF862812B69438000756D69 /* FeeedAPI */,
			);
			path = EssentialFeedTests;
			sourceTree = "<group>";
		};
		4F2228C02B67FD9C0057529A /* Feed Feature */ = {
			isa = PBXGroup;
			children = (
				4F2228BC2B67F3580057529A /* FeedItem.swift */,
				4F2228BE2B67FCDB0057529A /* FeedLoader.swift */,
			);
			path = "Feed Feature";
			sourceTree = "<group>";
		};
		4F2228C32B680AD80057529A /* FeedAPI */ = {
			isa = PBXGroup;
			children = (
				4F2228C42B680AF70057529A /* RemoteFeedLoader.swift */,
				4FD327372B692D22000B32FC /* HTTPClient.swift */,
				4FD327392B693A86000B32FC /* FeedItemsMapper.swift */,
				4FD310E42B7BC9E3006E4BE1 /* URLSessionHTTPClient.swift */,
			);
			path = FeedAPI;
			sourceTree = "<group>";
		};
		4F2EBA272B6B7C820059CAC8 /* Helpers */ = {
			isa = PBXGroup;
			children = (
				4F2EBA282B6B7CD20059CAC8 /* XCTestCase+MemoryLeakTracking.swift */,
			);
			path = Helpers;
			sourceTree = "<group>";
		};
		4FF8464B2B7BCEBA004F32B3 /* EssentialFeedAPIEndToEndTests */ = {
			isa = PBXGroup;
			children = (
				4FF8464C2B7BCEBA004F32B3 /* EssentialFeedAPIEndToEndTests.swift */,
			);
			path = EssentialFeedAPIEndToEndTests;
			sourceTree = "<group>";
		};
		4FF862812B69438000756D69 /* FeeedAPI */ = {
			isa = PBXGroup;
			children = (
				4F2EBA272B6B7C820059CAC8 /* Helpers */,
				4F2228C12B6800FC0057529A /* RemoteFeedLoaderTests.swift */,
				4F298B0B2B6A2ADB00303B9E /* URLSessionHTTPClientTests.swift */,
			);
			path = FeeedAPI;
			sourceTree = "<group>";
		};
/* End PBXGroup section */

/* Begin PBXHeadersBuildPhase section */
		4F22289D2B67F32B0057529A /* Headers */ = {
			isa = PBXHeadersBuildPhase;
			buildActionMask = 2147483647;
			files = (
				4F2228B32B67F32C0057529A /* EssentialFeed.h in Headers */,
			);
			runOnlyForDeploymentPostprocessing = 0;
		};
/* End PBXHeadersBuildPhase section */

/* Begin PBXNativeTarget section */
		4F2228A12B67F32B0057529A /* EssentialFeed */ = {
			isa = PBXNativeTarget;
			buildConfigurationList = 4F2228B62B67F32C0057529A /* Build configuration list for PBXNativeTarget "EssentialFeed" */;
			buildPhases = (
				4F22289D2B67F32B0057529A /* Headers */,
				4F22289E2B67F32B0057529A /* Sources */,
				4F22289F2B67F32B0057529A /* Frameworks */,
				4F2228A02B67F32B0057529A /* Resources */,
			);
			buildRules = (
			);
			dependencies = (
			);
			name = EssentialFeed;
			productName = EssentialFeed;
			productReference = 4F2228A22B67F32B0057529A /* EssentialFeed.framework */;
			productType = "com.apple.product-type.framework";
		};
		4F2228AB2B67F32C0057529A /* EssentialFeedTests */ = {
			isa = PBXNativeTarget;
			buildConfigurationList = 4F2228B92B67F32C0057529A /* Build configuration list for PBXNativeTarget "EssentialFeedTests" */;
			buildPhases = (
				4F2228A82B67F32C0057529A /* Sources */,
				4F2228A92B67F32C0057529A /* Frameworks */,
				4F2228AA2B67F32C0057529A /* Resources */,
			);
			buildRules = (
			);
			dependencies = (
				4F2228AF2B67F32C0057529A /* PBXTargetDependency */,
			);
			name = EssentialFeedTests;
			productName = EssentialFeedTests;
			productReference = 4F2228AC2B67F32C0057529A /* EssentialFeedTests.xctest */;
			productType = "com.apple.product-type.bundle.unit-test";
		};
		4FF846492B7BCEBA004F32B3 /* EssentialFeedAPIEndToEndTests */ = {
			isa = PBXNativeTarget;
			buildConfigurationList = 4FF846532B7BCEBA004F32B3 /* Build configuration list for PBXNativeTarget "EssentialFeedAPIEndToEndTests" */;
			buildPhases = (
				4FF846462B7BCEBA004F32B3 /* Sources */,
				4FF846472B7BCEBA004F32B3 /* Frameworks */,
				4FF846482B7BCEBA004F32B3 /* Resources */,
			);
			buildRules = (
			);
			dependencies = (
				4FF846502B7BCEBA004F32B3 /* PBXTargetDependency */,
			);
			name = EssentialFeedAPIEndToEndTests;
			productName = EssentialFeedAPIEndToEndTests;
			productReference = 4FF8464A2B7BCEBA004F32B3 /* EssentialFeedAPIEndToEndTests.xctest */;
			productType = "com.apple.product-type.bundle.unit-test";
		};
/* End PBXNativeTarget section */

/* Begin PBXProject section */
		4F2228992B67F32B0057529A /* Project object */ = {
			isa = PBXProject;
			attributes = {
				BuildIndependentTargetsInParallel = 1;
				LastSwiftUpdateCheck = 1520;
				LastUpgradeCheck = 1520;
				TargetAttributes = {
					4F2228A12B67F32B0057529A = {
						CreatedOnToolsVersion = 15.2;
					};
					4F2228AB2B67F32C0057529A = {
						CreatedOnToolsVersion = 15.2;
					};
					4FF846492B7BCEBA004F32B3 = {
						CreatedOnToolsVersion = 15.2;
					};
				};
			};
			buildConfigurationList = 4F22289C2B67F32B0057529A /* Build configuration list for PBXProject "EssentialFeed" */;
			compatibilityVersion = "Xcode 14.0";
			developmentRegion = en;
			hasScannedForEncodings = 0;
			knownRegions = (
				en,
				Base,
			);
			mainGroup = 4F2228982B67F32B0057529A;
			productRefGroup = 4F2228A32B67F32B0057529A /* Products */;
			projectDirPath = "";
			projectRoot = "";
			targets = (
				4F2228A12B67F32B0057529A /* EssentialFeed */,
				4F2228AB2B67F32C0057529A /* EssentialFeedTests */,
				4FF846492B7BCEBA004F32B3 /* EssentialFeedAPIEndToEndTests */,
			);
		};
/* End PBXProject section */

/* Begin PBXResourcesBuildPhase section */
		4F2228A02B67F32B0057529A /* Resources */ = {
			isa = PBXResourcesBuildPhase;
			buildActionMask = 2147483647;
			files = (
			);
			runOnlyForDeploymentPostprocessing = 0;
		};
		4F2228AA2B67F32C0057529A /* Resources */ = {
			isa = PBXResourcesBuildPhase;
			buildActionMask = 2147483647;
			files = (
			);
			runOnlyForDeploymentPostprocessing = 0;
		};
		4FF846482B7BCEBA004F32B3 /* Resources */ = {
			isa = PBXResourcesBuildPhase;
			buildActionMask = 2147483647;
			files = (
			);
			runOnlyForDeploymentPostprocessing = 0;
		};
/* End PBXResourcesBuildPhase section */

/* Begin PBXSourcesBuildPhase section */
		4F22289E2B67F32B0057529A /* Sources */ = {
			isa = PBXSourcesBuildPhase;
			buildActionMask = 2147483647;
			files = (
				4FD310E52B7BC9E3006E4BE1 /* URLSessionHTTPClient.swift in Sources */,
				4F2228C52B680AF70057529A /* RemoteFeedLoader.swift in Sources */,
				4FD327382B692D22000B32FC /* HTTPClient.swift in Sources */,
				4F2228BF2B67FCDB0057529A /* FeedLoader.swift in Sources */,
				4FD3273A2B693A86000B32FC /* FeedItemsMapper.swift in Sources */,
				4F2228BD2B67F3580057529A /* FeedItem.swift in Sources */,
				4F2228A72B67F32B0057529A /* EssentialFeed.docc in Sources */,
			);
			runOnlyForDeploymentPostprocessing = 0;
		};
		4F2228A82B67F32C0057529A /* Sources */ = {
			isa = PBXSourcesBuildPhase;
			buildActionMask = 2147483647;
			files = (
				4F2228C22B6800FC0057529A /* RemoteFeedLoaderTests.swift in Sources */,
				4F298B0C2B6A2ADB00303B9E /* URLSessionHTTPClientTests.swift in Sources */,
				4F2EBA292B6B7CD20059CAC8 /* XCTestCase+MemoryLeakTracking.swift in Sources */,
			);
			runOnlyForDeploymentPostprocessing = 0;
		};
		4FF846462B7BCEBA004F32B3 /* Sources */ = {
			isa = PBXSourcesBuildPhase;
			buildActionMask = 2147483647;
			files = (
				4FF8464D2B7BCEBA004F32B3 /* EssentialFeedAPIEndToEndTests.swift in Sources */,
			);
			runOnlyForDeploymentPostprocessing = 0;
		};
/* End PBXSourcesBuildPhase section */

/* Begin PBXTargetDependency section */
		4F2228AF2B67F32C0057529A /* PBXTargetDependency */ = {
			isa = PBXTargetDependency;
			target = 4F2228A12B67F32B0057529A /* EssentialFeed */;
			targetProxy = 4F2228AE2B67F32C0057529A /* PBXContainerItemProxy */;
		};
		4FF846502B7BCEBA004F32B3 /* PBXTargetDependency */ = {
			isa = PBXTargetDependency;
			target = 4F2228A12B67F32B0057529A /* EssentialFeed */;
			targetProxy = 4FF8464F2B7BCEBA004F32B3 /* PBXContainerItemProxy */;
		};
/* End PBXTargetDependency section */

/* Begin XCBuildConfiguration section */
		4F2228B42B67F32C0057529A /* Debug */ = {
			isa = XCBuildConfiguration;
			buildSettings = {
				ALWAYS_SEARCH_USER_PATHS = NO;
				ASSETCATALOG_COMPILER_GENERATE_SWIFT_ASSET_SYMBOL_EXTENSIONS = YES;
				CLANG_ANALYZER_NONNULL = YES;
				CLANG_ANALYZER_NUMBER_OBJECT_CONVERSION = YES_AGGRESSIVE;
				CLANG_CXX_LANGUAGE_STANDARD = "gnu++20";
				CLANG_ENABLE_MODULES = YES;
				CLANG_ENABLE_OBJC_ARC = YES;
				CLANG_ENABLE_OBJC_WEAK = YES;
				CLANG_WARN_BLOCK_CAPTURE_AUTORELEASING = YES;
				CLANG_WARN_BOOL_CONVERSION = YES;
				CLANG_WARN_COMMA = YES;
				CLANG_WARN_CONSTANT_CONVERSION = YES;
				CLANG_WARN_DEPRECATED_OBJC_IMPLEMENTATIONS = YES;
				CLANG_WARN_DIRECT_OBJC_ISA_USAGE = YES_ERROR;
				CLANG_WARN_DOCUMENTATION_COMMENTS = YES;
				CLANG_WARN_EMPTY_BODY = YES;
				CLANG_WARN_ENUM_CONVERSION = YES;
				CLANG_WARN_INFINITE_RECURSION = YES;
				CLANG_WARN_INT_CONVERSION = YES;
				CLANG_WARN_NON_LITERAL_NULL_CONVERSION = YES;
				CLANG_WARN_OBJC_IMPLICIT_RETAIN_SELF = YES;
				CLANG_WARN_OBJC_LITERAL_CONVERSION = YES;
				CLANG_WARN_OBJC_ROOT_CLASS = YES_ERROR;
				CLANG_WARN_QUOTED_INCLUDE_IN_FRAMEWORK_HEADER = YES;
				CLANG_WARN_RANGE_LOOP_ANALYSIS = YES;
				CLANG_WARN_STRICT_PROTOTYPES = YES;
				CLANG_WARN_SUSPICIOUS_MOVE = YES;
				CLANG_WARN_UNGUARDED_AVAILABILITY = YES_AGGRESSIVE;
				CLANG_WARN_UNREACHABLE_CODE = YES;
				CLANG_WARN__DUPLICATE_METHOD_MATCH = YES;
				COPY_PHASE_STRIP = NO;
				CURRENT_PROJECT_VERSION = 1;
				DEBUG_INFORMATION_FORMAT = dwarf;
				ENABLE_STRICT_OBJC_MSGSEND = YES;
				ENABLE_TESTABILITY = YES;
				ENABLE_USER_SCRIPT_SANDBOXING = YES;
				GCC_C_LANGUAGE_STANDARD = gnu17;
				GCC_DYNAMIC_NO_PIC = NO;
				GCC_NO_COMMON_BLOCKS = YES;
				GCC_OPTIMIZATION_LEVEL = 0;
				GCC_PREPROCESSOR_DEFINITIONS = (
					"DEBUG=1",
					"$(inherited)",
				);
				GCC_WARN_64_TO_32_BIT_CONVERSION = YES;
				GCC_WARN_ABOUT_RETURN_TYPE = YES_ERROR;
				GCC_WARN_UNDECLARED_SELECTOR = YES;
				GCC_WARN_UNINITIALIZED_AUTOS = YES_AGGRESSIVE;
				GCC_WARN_UNUSED_FUNCTION = YES;
				GCC_WARN_UNUSED_VARIABLE = YES;
				LOCALIZATION_PREFERS_STRING_CATALOGS = YES;
				MTL_ENABLE_DEBUG_INFO = INCLUDE_SOURCE;
				MTL_FAST_MATH = YES;
				ONLY_ACTIVE_ARCH = YES;
				SWIFT_ACTIVE_COMPILATION_CONDITIONS = "DEBUG $(inherited)";
				SWIFT_OPTIMIZATION_LEVEL = "-Onone";
				VERSIONING_SYSTEM = "apple-generic";
				VERSION_INFO_PREFIX = "";
			};
			name = Debug;
		};
		4F2228B52B67F32C0057529A /* Release */ = {
			isa = XCBuildConfiguration;
			buildSettings = {
				ALWAYS_SEARCH_USER_PATHS = NO;
				ASSETCATALOG_COMPILER_GENERATE_SWIFT_ASSET_SYMBOL_EXTENSIONS = YES;
				CLANG_ANALYZER_NONNULL = YES;
				CLANG_ANALYZER_NUMBER_OBJECT_CONVERSION = YES_AGGRESSIVE;
				CLANG_CXX_LANGUAGE_STANDARD = "gnu++20";
				CLANG_ENABLE_MODULES = YES;
				CLANG_ENABLE_OBJC_ARC = YES;
				CLANG_ENABLE_OBJC_WEAK = YES;
				CLANG_WARN_BLOCK_CAPTURE_AUTORELEASING = YES;
				CLANG_WARN_BOOL_CONVERSION = YES;
				CLANG_WARN_COMMA = YES;
				CLANG_WARN_CONSTANT_CONVERSION = YES;
				CLANG_WARN_DEPRECATED_OBJC_IMPLEMENTATIONS = YES;
				CLANG_WARN_DIRECT_OBJC_ISA_USAGE = YES_ERROR;
				CLANG_WARN_DOCUMENTATION_COMMENTS = YES;
				CLANG_WARN_EMPTY_BODY = YES;
				CLANG_WARN_ENUM_CONVERSION = YES;
				CLANG_WARN_INFINITE_RECURSION = YES;
				CLANG_WARN_INT_CONVERSION = YES;
				CLANG_WARN_NON_LITERAL_NULL_CONVERSION = YES;
				CLANG_WARN_OBJC_IMPLICIT_RETAIN_SELF = YES;
				CLANG_WARN_OBJC_LITERAL_CONVERSION = YES;
				CLANG_WARN_OBJC_ROOT_CLASS = YES_ERROR;
				CLANG_WARN_QUOTED_INCLUDE_IN_FRAMEWORK_HEADER = YES;
				CLANG_WARN_RANGE_LOOP_ANALYSIS = YES;
				CLANG_WARN_STRICT_PROTOTYPES = YES;
				CLANG_WARN_SUSPICIOUS_MOVE = YES;
				CLANG_WARN_UNGUARDED_AVAILABILITY = YES_AGGRESSIVE;
				CLANG_WARN_UNREACHABLE_CODE = YES;
				CLANG_WARN__DUPLICATE_METHOD_MATCH = YES;
				COPY_PHASE_STRIP = NO;
				CURRENT_PROJECT_VERSION = 1;
				DEBUG_INFORMATION_FORMAT = "dwarf-with-dsym";
				ENABLE_NS_ASSERTIONS = NO;
				ENABLE_STRICT_OBJC_MSGSEND = YES;
				ENABLE_USER_SCRIPT_SANDBOXING = YES;
				GCC_C_LANGUAGE_STANDARD = gnu17;
				GCC_NO_COMMON_BLOCKS = YES;
				GCC_WARN_64_TO_32_BIT_CONVERSION = YES;
				GCC_WARN_ABOUT_RETURN_TYPE = YES_ERROR;
				GCC_WARN_UNDECLARED_SELECTOR = YES;
				GCC_WARN_UNINITIALIZED_AUTOS = YES_AGGRESSIVE;
				GCC_WARN_UNUSED_FUNCTION = YES;
				GCC_WARN_UNUSED_VARIABLE = YES;
				LOCALIZATION_PREFERS_STRING_CATALOGS = YES;
				MTL_ENABLE_DEBUG_INFO = NO;
				MTL_FAST_MATH = YES;
				SWIFT_COMPILATION_MODE = wholemodule;
				VERSIONING_SYSTEM = "apple-generic";
				VERSION_INFO_PREFIX = "";
			};
			name = Release;
		};
		4F2228B72B67F32C0057529A /* Debug */ = {
			isa = XCBuildConfiguration;
			buildSettings = {
				CODE_SIGN_STYLE = Automatic;
				CURRENT_PROJECT_VERSION = 1;
				DEFINES_MODULE = YES;
				DEVELOPMENT_TEAM = Q9Z8WZDMME;
				DYLIB_COMPATIBILITY_VERSION = 1;
				DYLIB_CURRENT_VERSION = 1;
				DYLIB_INSTALL_NAME_BASE = "@rpath";
				ENABLE_MODULE_VERIFIER = YES;
				GENERATE_INFOPLIST_FILE = YES;
				INFOPLIST_KEY_NSHumanReadableCopyright = "";
				INSTALL_PATH = "$(LOCAL_LIBRARY_DIR)/Frameworks";
				IPHONEOS_DEPLOYMENT_TARGET = 17.2;
				LD_RUNPATH_SEARCH_PATHS = (
					"@executable_path/Frameworks",
					"@loader_path/Frameworks",
				);
				"LD_RUNPATH_SEARCH_PATHS[sdk=macosx*]" = (
					"@executable_path/../Frameworks",
					"@loader_path/Frameworks",
				);
				MACOSX_DEPLOYMENT_TARGET = 14.2;
				MARKETING_VERSION = 1.0;
				MODULE_VERIFIER_SUPPORTED_LANGUAGES = "objective-c objective-c++";
				MODULE_VERIFIER_SUPPORTED_LANGUAGE_STANDARDS = "gnu17 gnu++20";
				PRODUCT_BUNDLE_IDENTIFIER = com.ios.essential.im.EssentialFeed;
				PRODUCT_NAME = "$(TARGET_NAME:c99extidentifier)";
				SDKROOT = auto;
				SKIP_INSTALL = YES;
				SUPPORTED_PLATFORMS = "iphoneos iphonesimulator macosx";
				SWIFT_EMIT_LOC_STRINGS = YES;
				SWIFT_VERSION = 5.0;
				TARGETED_DEVICE_FAMILY = "1,2";
			};
			name = Debug;
		};
		4F2228B82B67F32C0057529A /* Release */ = {
			isa = XCBuildConfiguration;
			buildSettings = {
				CODE_SIGN_STYLE = Automatic;
				CURRENT_PROJECT_VERSION = 1;
				DEFINES_MODULE = YES;
				DEVELOPMENT_TEAM = Q9Z8WZDMME;
				DYLIB_COMPATIBILITY_VERSION = 1;
				DYLIB_CURRENT_VERSION = 1;
				DYLIB_INSTALL_NAME_BASE = "@rpath";
				ENABLE_MODULE_VERIFIER = YES;
				GENERATE_INFOPLIST_FILE = YES;
				INFOPLIST_KEY_NSHumanReadableCopyright = "";
				INSTALL_PATH = "$(LOCAL_LIBRARY_DIR)/Frameworks";
				IPHONEOS_DEPLOYMENT_TARGET = 17.2;
				LD_RUNPATH_SEARCH_PATHS = (
					"@executable_path/Frameworks",
					"@loader_path/Frameworks",
				);
				"LD_RUNPATH_SEARCH_PATHS[sdk=macosx*]" = (
					"@executable_path/../Frameworks",
					"@loader_path/Frameworks",
				);
				MACOSX_DEPLOYMENT_TARGET = 14.2;
				MARKETING_VERSION = 1.0;
				MODULE_VERIFIER_SUPPORTED_LANGUAGES = "objective-c objective-c++";
				MODULE_VERIFIER_SUPPORTED_LANGUAGE_STANDARDS = "gnu17 gnu++20";
				PRODUCT_BUNDLE_IDENTIFIER = com.ios.essential.im.EssentialFeed;
				PRODUCT_NAME = "$(TARGET_NAME:c99extidentifier)";
				SDKROOT = auto;
				SKIP_INSTALL = YES;
				SUPPORTED_PLATFORMS = "iphoneos iphonesimulator macosx";
				SWIFT_EMIT_LOC_STRINGS = YES;
				SWIFT_VERSION = 5.0;
				TARGETED_DEVICE_FAMILY = "1,2";
			};
			name = Release;
		};
		4F2228BA2B67F32C0057529A /* Debug */ = {
			isa = XCBuildConfiguration;
			buildSettings = {
				ALWAYS_EMBED_SWIFT_STANDARD_LIBRARIES = YES;
				CODE_SIGN_STYLE = Automatic;
				CURRENT_PROJECT_VERSION = 1;
				DEVELOPMENT_TEAM = Q9Z8WZDMME;
				GENERATE_INFOPLIST_FILE = YES;
				IPHONEOS_DEPLOYMENT_TARGET = 17.2;
				MACOSX_DEPLOYMENT_TARGET = 14.2;
				MARKETING_VERSION = 1.0;
				PRODUCT_BUNDLE_IDENTIFIER = com.ios.essential.im.EssentialFeedTests;
				PRODUCT_NAME = "$(TARGET_NAME)";
				SDKROOT = auto;
				SUPPORTED_PLATFORMS = "iphoneos iphonesimulator";
				SUPPORTS_MACCATALYST = NO;
				SWIFT_EMIT_LOC_STRINGS = NO;
				SWIFT_VERSION = 5.0;
				TARGETED_DEVICE_FAMILY = "1,2";
			};
			name = Debug;
		};
		4F2228BB2B67F32C0057529A /* Release */ = {
			isa = XCBuildConfiguration;
			buildSettings = {
				ALWAYS_EMBED_SWIFT_STANDARD_LIBRARIES = YES;
				CODE_SIGN_STYLE = Automatic;
				CURRENT_PROJECT_VERSION = 1;
				DEVELOPMENT_TEAM = Q9Z8WZDMME;
				GENERATE_INFOPLIST_FILE = YES;
				IPHONEOS_DEPLOYMENT_TARGET = 17.2;
				MACOSX_DEPLOYMENT_TARGET = 14.2;
				MARKETING_VERSION = 1.0;
				PRODUCT_BUNDLE_IDENTIFIER = com.ios.essential.im.EssentialFeedTests;
				PRODUCT_NAME = "$(TARGET_NAME)";
				SDKROOT = auto;
				SUPPORTED_PLATFORMS = "iphoneos iphonesimulator";
				SUPPORTS_MACCATALYST = NO;
				SWIFT_EMIT_LOC_STRINGS = NO;
				SWIFT_VERSION = 5.0;
				TARGETED_DEVICE_FAMILY = "1,2";
			};
			name = Release;
		};
		4FF846512B7BCEBA004F32B3 /* Debug */ = {
			isa = XCBuildConfiguration;
			buildSettings = {
				CODE_SIGN_STYLE = Automatic;
				CURRENT_PROJECT_VERSION = 1;
				DEVELOPMENT_TEAM = Q9Z8WZDMME;
				GENERATE_INFOPLIST_FILE = YES;
				IPHONEOS_DEPLOYMENT_TARGET = 17.2;
				MARKETING_VERSION = 1.0;
				PRODUCT_BUNDLE_IDENTIFIER = com.ios.essential.im.EssentialFeedAPIEndToEndTests;
				PRODUCT_NAME = "$(TARGET_NAME)";
				SDKROOT = iphoneos;
				SUPPORTED_PLATFORMS = "iphoneos iphonesimulator";
				SUPPORTS_MACCATALYST = NO;
				SUPPORTS_MAC_DESIGNED_FOR_IPHONE_IPAD = NO;
				SUPPORTS_XR_DESIGNED_FOR_IPHONE_IPAD = NO;
				SWIFT_EMIT_LOC_STRINGS = NO;
				SWIFT_VERSION = 5.0;
				TARGETED_DEVICE_FAMILY = "1,2";
			};
			name = Debug;
		};
		4FF846522B7BCEBA004F32B3 /* Release */ = {
			isa = XCBuildConfiguration;
			buildSettings = {
				CODE_SIGN_STYLE = Automatic;
				CURRENT_PROJECT_VERSION = 1;
				DEVELOPMENT_TEAM = Q9Z8WZDMME;
				GENERATE_INFOPLIST_FILE = YES;
				IPHONEOS_DEPLOYMENT_TARGET = 17.2;
				MARKETING_VERSION = 1.0;
				PRODUCT_BUNDLE_IDENTIFIER = com.ios.essential.im.EssentialFeedAPIEndToEndTests;
				PRODUCT_NAME = "$(TARGET_NAME)";
				SDKROOT = iphoneos;
				SUPPORTED_PLATFORMS = "iphoneos iphonesimulator";
				SUPPORTS_MACCATALYST = NO;
				SUPPORTS_MAC_DESIGNED_FOR_IPHONE_IPAD = NO;
				SUPPORTS_XR_DESIGNED_FOR_IPHONE_IPAD = NO;
				SWIFT_EMIT_LOC_STRINGS = NO;
				SWIFT_VERSION = 5.0;
				TARGETED_DEVICE_FAMILY = "1,2";
				VALIDATE_PRODUCT = YES;
			};
			name = Release;
		};
/* End XCBuildConfiguration section */

/* Begin XCConfigurationList section */
		4F22289C2B67F32B0057529A /* Build configuration list for PBXProject "EssentialFeed" */ = {
			isa = XCConfigurationList;
			buildConfigurations = (
				4F2228B42B67F32C0057529A /* Debug */,
				4F2228B52B67F32C0057529A /* Release */,
			);
			defaultConfigurationIsVisible = 0;
			defaultConfigurationName = Release;
		};
		4F2228B62B67F32C0057529A /* Build configuration list for PBXNativeTarget "EssentialFeed" */ = {
			isa = XCConfigurationList;
			buildConfigurations = (
				4F2228B72B67F32C0057529A /* Debug */,
				4F2228B82B67F32C0057529A /* Release */,
			);
			defaultConfigurationIsVisible = 0;
			defaultConfigurationName = Release;
		};
		4F2228B92B67F32C0057529A /* Build configuration list for PBXNativeTarget "EssentialFeedTests" */ = {
			isa = XCConfigurationList;
			buildConfigurations = (
				4F2228BA2B67F32C0057529A /* Debug */,
				4F2228BB2B67F32C0057529A /* Release */,
			);
			defaultConfigurationIsVisible = 0;
			defaultConfigurationName = Release;
		};
		4FF846532B7BCEBA004F32B3 /* Build configuration list for PBXNativeTarget "EssentialFeedAPIEndToEndTests" */ = {
			isa = XCConfigurationList;
			buildConfigurations = (
				4FF846512B7BCEBA004F32B3 /* Debug */,
				4FF846522B7BCEBA004F32B3 /* Release */,
			);
			defaultConfigurationIsVisible = 0;
			defaultConfigurationName = Release;
		};
/* End XCConfigurationList section */
	};
	rootObject = 4F2228992B67F32B0057529A /* Project object */;
}
